
Microsoft Visual Studio Solution File, Format Version 12.00
# Visual Studio Version 17
VisualStudioVersion = 17.3.32819.101
MinimumVisualStudioVersion = 10.0.40219.1
Project("{FAE04EC0-301F-11D3-BF4B-00C04F79EFBC}") = "RevisedPartsEntry3", "RevisedPartsEntry3\RevisedPartsEntry3.csproj", "{D806B475-48EB-4AB6-9738-6B480865191A}"
EndProject
Project("{FAE04EC0-301F-11D3-BF4B-00C04F79EFBC}") = "UtilityLibrary", "UtilityLibrary\UtilityLibrary.csproj", "{3AC4B7A8-33D9-448D-8EE0-81BF56887771}"
EndProject
Project("{FAE04EC0-301F-11D3-BF4B-00C04F79EFBC}") = "UtilityLibraryTest", "UtilityLibraryTest\UtilityLibraryTest.csproj", "{01A81F95-012C-4BF1-91FE-E28B1FE3DA64}"
EndProject
Global
	GlobalSection(SolutionConfigurationPlatforms) = preSolution
		Debug|Any CPU = Debug|Any CPU
		Release|Any CPU = Release|Any CPU
	EndGlobalSection
	GlobalSection(ProjectConfigurationPlatforms) = postSolution
		{D806B475-48EB-4AB6-9738-6B480865191A}.Debug|Any CPU.ActiveCfg = Debug|Any CPU
		{D806B475-48EB-4AB6-9738-6B480865191A}.Debug|Any CPU.Build.0 = Debug|Any CPU
		{D806B475-48EB-4AB6-9738-6B480865191A}.Release|Any CPU.ActiveCfg = Release|Any CPU
		{D806B475-48EB-4AB6-9738-6B480865191A}.Release|Any CPU.Build.0 = Release|Any CPU
		{3AC4B7A8-33D9-448D-8EE0-81BF56887771}.Debug|Any CPU.ActiveCfg = Debug|Any CPU
		{3AC4B7A8-33D9-448D-8EE0-81BF56887771}.Debug|Any CPU.Build.0 = Debug|Any CPU
		{3AC4B7A8-33D9-448D-8EE0-81BF56887771}.Release|Any CPU.ActiveCfg = Release|Any CPU
		{3AC4B7A8-33D9-448D-8EE0-81BF56887771}.Release|Any CPU.Build.0 = Release|Any CPU
		{01A81F95-012C-4BF1-91FE-E28B1FE3DA64}.Debug|Any CPU.ActiveCfg = Debug|Any CPU
		{01A81F95-012C-4BF1-91FE-E28B1FE3DA64}.Debug|Any CPU.Build.0 = Debug|Any CPU
		{01A81F95-012C-4BF1-91FE-E28B1FE3DA64}.Release|Any CPU.ActiveCfg = Release|Any CPU
		{01A81F95-012C-4BF1-91FE-E28B1FE3DA64}.Release|Any CPU.Build.0 = Release|Any CPU
	EndGlobalSection
	GlobalSection(SolutionProperties) = preSolution
		HideSolutionNode = FALSE
	EndGlobalSection
	GlobalSection(ExtensibilityGlobals) = postSolution
		SolutionGuid = {697F2F4F-5AB4-4A5C-93FC-CD31BDC94646}
	EndGlobalSection
EndGlobal
